
Microsoft Visual Studio Solution File, Format Version 12.00
# Visual Studio 15
VisualStudioVersion = 15.0.28307.271
MinimumVisualStudioVersion = 10.0.40219.1
Project("{FAE04EC0-301F-11D3-BF4B-00C04F79EFBC}") = "YuneecGoogleEarth", "YuneecGoogleEarth\YuneecGoogleEarth.csproj", "{3C921DBF-CCDF-4E82-BAA6-B2498489C2C4}"
EndProject
Global
	GlobalSection(SolutionConfigurationPlatforms) = preSolution
		Debug|Any CPU = Debug|Any CPU
		Release|Any CPU = Release|Any CPU
	EndGlobalSection
	GlobalSection(ProjectConfigurationPlatforms) = postSolution
		{3C921DBF-CCDF-4E82-BAA6-B2498489C2C4}.Debug|Any CPU.ActiveCfg = Debug|Any CPU
		{3C921DBF-CCDF-4E82-BAA6-B2498489C2C4}.Debug|Any CPU.Build.0 = Debug|Any CPU
		{3C921DBF-CCDF-4E82-BAA6-B2498489C2C4}.Release|Any CPU.ActiveCfg = Release|Any CPU
		{3C921DBF-CCDF-4E82-BAA6-B2498489C2C4}.Release|Any CPU.Build.0 = Release|Any CPU
	EndGlobalSection
	GlobalSection(SolutionProperties) = preSolution
		HideSolutionNode = FALSE
	EndGlobalSection
	GlobalSection(ExtensibilityGlobals) = postSolution
		SolutionGuid = {1F68F01E-5B6C-4E04-9503-FD5B71A25FC2}
	EndGlobalSection
EndGlobal
